
Microsoft Visual Studio Solution File, Format Version 12.00
# Visual Studio Version 17
VisualStudioVersion = 17.1.32407.343
MinimumVisualStudioVersion = 10.0.40219.1
Project("{9A19103F-16F7-4668-BE54-9A1E7A4F7556}") = "01-Fundamental", "01-Fundamental.csproj", "{C4DD5211-CE94-422C-81A2-26C73DD4F951}"
EndProject
Project("{9A19103F-16F7-4668-BE54-9A1E7A4F7556}") = "Day02", "..\Day02\Day02\Day02.csproj", "{970D91B3-A39B-46B4-89F2-FDFD1BE991EC}"
EndProject
Project("{9A19103F-16F7-4668-BE54-9A1E7A4F7556}") = "QuisDay3Array", "..\QuisDay3Array\QuisDay3Array.csproj", "{60DE3740-DD95-4213-A4F6-210E6949B9F9}"
EndProject
Project("{9A19103F-16F7-4668-BE54-9A1E7A4F7556}") = "QuisLisrCollection", "..\QLC\QuisLisrCollection\QuisLisrCollection.csproj", "{140FE27B-6F58-4E74-B5F5-D83647C1A8E7}"
EndProject
Project("{FAE04EC0-301F-11D3-BF4B-00C04F79EFBC}") = "MingguKe4OOP", "..\OOPvol1\MingguKe4OOP\MingguKe4OOP.csproj", "{7715ECCE-85CE-4209-B57E-F5432D929ABB}"
EndProject
Global
	GlobalSection(SolutionConfigurationPlatforms) = preSolution
		Debug|Any CPU = Debug|Any CPU
		Release|Any CPU = Release|Any CPU
	EndGlobalSection
	GlobalSection(ProjectConfigurationPlatforms) = postSolution
		{C4DD5211-CE94-422C-81A2-26C73DD4F951}.Debug|Any CPU.ActiveCfg = Debug|Any CPU
		{C4DD5211-CE94-422C-81A2-26C73DD4F951}.Debug|Any CPU.Build.0 = Debug|Any CPU
		{C4DD5211-CE94-422C-81A2-26C73DD4F951}.Release|Any CPU.ActiveCfg = Release|Any CPU
		{C4DD5211-CE94-422C-81A2-26C73DD4F951}.Release|Any CPU.Build.0 = Release|Any CPU
		{970D91B3-A39B-46B4-89F2-FDFD1BE991EC}.Debug|Any CPU.ActiveCfg = Debug|Any CPU
		{970D91B3-A39B-46B4-89F2-FDFD1BE991EC}.Debug|Any CPU.Build.0 = Debug|Any CPU
		{970D91B3-A39B-46B4-89F2-FDFD1BE991EC}.Release|Any CPU.ActiveCfg = Release|Any CPU
		{970D91B3-A39B-46B4-89F2-FDFD1BE991EC}.Release|Any CPU.Build.0 = Release|Any CPU
		{60DE3740-DD95-4213-A4F6-210E6949B9F9}.Debug|Any CPU.ActiveCfg = Debug|Any CPU
		{60DE3740-DD95-4213-A4F6-210E6949B9F9}.Debug|Any CPU.Build.0 = Debug|Any CPU
		{60DE3740-DD95-4213-A4F6-210E6949B9F9}.Release|Any CPU.ActiveCfg = Release|Any CPU
		{60DE3740-DD95-4213-A4F6-210E6949B9F9}.Release|Any CPU.Build.0 = Release|Any CPU
		{140FE27B-6F58-4E74-B5F5-D83647C1A8E7}.Debug|Any CPU.ActiveCfg = Debug|Any CPU
		{140FE27B-6F58-4E74-B5F5-D83647C1A8E7}.Debug|Any CPU.Build.0 = Debug|Any CPU
		{140FE27B-6F58-4E74-B5F5-D83647C1A8E7}.Release|Any CPU.ActiveCfg = Release|Any CPU
		{140FE27B-6F58-4E74-B5F5-D83647C1A8E7}.Release|Any CPU.Build.0 = Release|Any CPU
		{7715ECCE-85CE-4209-B57E-F5432D929ABB}.Debug|Any CPU.ActiveCfg = Debug|Any CPU
		{7715ECCE-85CE-4209-B57E-F5432D929ABB}.Debug|Any CPU.Build.0 = Debug|Any CPU
		{7715ECCE-85CE-4209-B57E-F5432D929ABB}.Release|Any CPU.ActiveCfg = Release|Any CPU
		{7715ECCE-85CE-4209-B57E-F5432D929ABB}.Release|Any CPU.Build.0 = Release|Any CPU
	EndGlobalSection
	GlobalSection(SolutionProperties) = preSolution
		HideSolutionNode = FALSE
	EndGlobalSection
	GlobalSection(ExtensibilityGlobals) = postSolution
		SolutionGuid = {6B91EAC6-A360-4D8A-9587-C01F8691CC07}
	EndGlobalSection
EndGlobal
